// !$*UTF8*$!
{
	archiveVersion = 1;
	classes = {
	};
	objectVersion = 77;
	objects = {

/* Begin PBXBuildFile section */
		37189E3B2E8943E300CFDDFD /* RealmSwift in Frameworks */ = {isa = PBXBuildFile; productRef = 37189E3A2E8943E300CFDDFD /* RealmSwift */; };
		3759B9862EBC4A5E004D7ACD /* Favorite in Frameworks */ = {isa = PBXBuildFile; productRef = 3759B9852EBC4A5E004D7ACD /* Favorite */; };
		37842A142E919FEF00B5DED5 /* Detail in Frameworks */ = {isa = PBXBuildFile; productRef = 37842A132E919FEF00B5DED5 /* Detail */; };
		37B6A4732E767B1100332D91 /* Alamofire in Frameworks */ = {isa = PBXBuildFile; productRef = 37B6A4722E767B1100332D91 /* Alamofire */; };
		37B6A4B42E76810100332D91 /* .swiftlint.yml in Resources */ = {isa = PBXBuildFile; fileRef = 37B6A4B32E76810100332D91 /* .swiftlint.yml */; };
		37B6A5672E793AD800332D91 /* CachedAsyncImage in Frameworks */ = {isa = PBXBuildFile; productRef = 37B6A5662E793AD800332D91 /* CachedAsyncImage */; };
		37D2BFC02EBA68110026A743 /* Shared in Frameworks */ = {isa = PBXBuildFile; productRef = 37D2BFBF2EBA68110026A743 /* Shared */; };
		37DD46082E828EF3003AD215 /* codemagic.yaml in Resources */ = {isa = PBXBuildFile; fileRef = 37DD46072E828EEF003AD215 /* codemagic.yaml */; };
/* End PBXBuildFile section */

/* Begin PBXContainerItemProxy section */
		37B6A5862E79B80200332D91 /* PBXContainerItemProxy */ = {
			isa = PBXContainerItemProxy;
			containerPortal = 37B6A3F52E767A0900332D91 /* Project object */;
			proxyType = 1;
			remoteGlobalIDString = 37B6A3FC2E767A0900332D91;
			remoteInfo = SubmissionExpert;
		};
/* End PBXContainerItemProxy section */

/* Begin PBXCopyFilesBuildPhase section */
		3735E03C2E893BDD00D88E3F /* Embed Frameworks */ = {
			isa = PBXCopyFilesBuildPhase;
			buildActionMask = 2147483647;
			dstPath = "";
			dstSubfolderSpec = 10;
			files = (
			);
			name = "Embed Frameworks";
			runOnlyForDeploymentPostprocessing = 0;
		};
		3758ED772E83DD0800DB9A6C /* Embed Frameworks */ = {
			isa = PBXCopyFilesBuildPhase;
			buildActionMask = 2147483647;
			dstPath = "";
			dstSubfolderSpec = 10;
			files = (
			);
			name = "Embed Frameworks";
			runOnlyForDeploymentPostprocessing = 0;
		};
/* End PBXCopyFilesBuildPhase section */

/* Begin PBXFileReference section */
		3759BD942EBD2C92004D7ACD /* SubmissionExpert.app */ = {isa = PBXFileReference; explicitFileType = wrapper.application; includeInIndex = 0; path = SubmissionExpert.app; sourceTree = BUILT_PRODUCTS_DIR; };
		3759BD952EBD2C92004D7ACD /* SubmissionExpertTests.xctest */ = {isa = PBXFileReference; explicitFileType = wrapper.cfbundle; includeInIndex = 0; path = SubmissionExpertTests.xctest; sourceTree = BUILT_PRODUCTS_DIR; };
		37B6A4B32E76810100332D91 /* .swiftlint.yml */ = {isa = PBXFileReference; lastKnownFileType = text.yaml; path = .swiftlint.yml; sourceTree = "<group>"; };
		37DD46072E828EEF003AD215 /* codemagic.yaml */ = {isa = PBXFileReference; lastKnownFileType = text.yaml; path = codemagic.yaml; sourceTree = "<group>"; };
/* End PBXFileReference section */

/* Begin PBXFileSystemSynchronizedRootGroup section */
		37B6A3FF2E767A0900332D91 /* SubmissionExpert */ = {
			isa = PBXFileSystemSynchronizedRootGroup;
			path = SubmissionExpert;
			sourceTree = "<group>";
		};
		37B6A5832E79B80200332D91 /* SubmissionExpertTests */ = {
			isa = PBXFileSystemSynchronizedRootGroup;
			path = SubmissionExpertTests;
			sourceTree = "<group>";
		};
		37DD46092E829DA6003AD215 /* Module */ = {
			isa = PBXFileSystemSynchronizedRootGroup;
			path = Module;
			sourceTree = "<group>";
		};
/* End PBXFileSystemSynchronizedRootGroup section */

/* Begin PBXFrameworksBuildPhase section */
		37B6A3FA2E767A0900332D91 /* Frameworks */ = {
			isa = PBXFrameworksBuildPhase;
			buildActionMask = 2147483647;
			files = (
				37842A142E919FEF00B5DED5 /* Detail in Frameworks */,
				37189E3B2E8943E300CFDDFD /* RealmSwift in Frameworks */,
				37B6A5672E793AD800332D91 /* CachedAsyncImage in Frameworks */,
				37B6A4732E767B1100332D91 /* Alamofire in Frameworks */,
				37D2BFC02EBA68110026A743 /* Shared in Frameworks */,
				3759B9862EBC4A5E004D7ACD /* Favorite in Frameworks */,
			);
			runOnlyForDeploymentPostprocessing = 0;
		};
		37B6A57F2E79B80200332D91 /* Frameworks */ = {
			isa = PBXFrameworksBuildPhase;
			buildActionMask = 2147483647;
			files = (
			);
			runOnlyForDeploymentPostprocessing = 0;
		};
/* End PBXFrameworksBuildPhase section */

/* Begin PBXGroup section */
		37B6A3F42E767A0900332D91 = {
			isa = PBXGroup;
			children = (
				37DD46092E829DA6003AD215 /* Module */,
				37DD46072E828EEF003AD215 /* codemagic.yaml */,
				37B6A4B32E76810100332D91 /* .swiftlint.yml */,
				37B6A3FF2E767A0900332D91 /* SubmissionExpert */,
				37B6A5832E79B80200332D91 /* SubmissionExpertTests */,
				3759BD942EBD2C92004D7ACD /* SubmissionExpert.app */,
				3759BD952EBD2C92004D7ACD /* SubmissionExpertTests.xctest */,
			);
			sourceTree = "<group>";
		};
/* End PBXGroup section */

/* Begin PBXNativeTarget section */
		37B6A3FC2E767A0900332D91 /* SubmissionExpert */ = {
			isa = PBXNativeTarget;
			buildConfigurationList = 37B6A40B2E767A0B00332D91 /* Build configuration list for PBXNativeTarget "SubmissionExpert" */;
			buildPhases = (
				37B6A3F92E767A0900332D91 /* Sources */,
				37B6A3FA2E767A0900332D91 /* Frameworks */,
				37B6A3FB2E767A0900332D91 /* Resources */,
				37B6A47C2E7680A300332D91 /* ShellScript */,
				3758ED772E83DD0800DB9A6C /* Embed Frameworks */,
			);
			buildRules = (
			);
			dependencies = (
			);
			fileSystemSynchronizedGroups = (
				37B6A3FF2E767A0900332D91 /* SubmissionExpert */,
				37DD46092E829DA6003AD215 /* Module */,
			);
			name = SubmissionExpert;
			packageProductDependencies = (
				37B6A4722E767B1100332D91 /* Alamofire */,
				37B6A5662E793AD800332D91 /* CachedAsyncImage */,
				37189E3A2E8943E300CFDDFD /* RealmSwift */,
				37842A132E919FEF00B5DED5 /* Detail */,
				37D2BFBF2EBA68110026A743 /* Shared */,
				3759B9852EBC4A5E004D7ACD /* Favorite */,
			);
			productName = submissionExpert;
			productReference = 3759BD942EBD2C92004D7ACD /* SubmissionExpert.app */;
			productType = "com.apple.product-type.application";
		};
		37B6A5812E79B80200332D91 /* SubmissionExpertTests */ = {
			isa = PBXNativeTarget;
			buildConfigurationList = 37B6A5882E79B80200332D91 /* Build configuration list for PBXNativeTarget "SubmissionExpertTests" */;
			buildPhases = (
				37B6A57E2E79B80200332D91 /* Sources */,
				37B6A57F2E79B80200332D91 /* Frameworks */,
				37B6A5802E79B80200332D91 /* Resources */,
				3735E03C2E893BDD00D88E3F /* Embed Frameworks */,
			);
			buildRules = (
			);
			dependencies = (
				37B6A5872E79B80200332D91 /* PBXTargetDependency */,
			);
			fileSystemSynchronizedGroups = (
				37B6A5832E79B80200332D91 /* SubmissionExpertTests */,
			);
			name = SubmissionExpertTests;
			productName = SubmissionExpertTests;
			productReference = 3759BD952EBD2C92004D7ACD /* SubmissionExpertTests.xctest */;
			productType = "com.apple.product-type.bundle.unit-test";
		};
/* End PBXNativeTarget section */

/* Begin PBXProject section */
		37B6A3F52E767A0900332D91 /* Project object */ = {
			isa = PBXProject;
			attributes = {
				BuildIndependentTargetsInParallel = 1;
				LastSwiftUpdateCheck = 1610;
				LastUpgradeCheck = 2620;
				TargetAttributes = {
					37B6A3FC2E767A0900332D91 = {
						CreatedOnToolsVersion = 16.1;
					};
					37B6A5812E79B80200332D91 = {
						CreatedOnToolsVersion = 16.1;
						TestTargetID = 37B6A3FC2E767A0900332D91;
					};
				};
			};
			buildConfigurationList = 37B6A3F82E767A0900332D91 /* Build configuration list for PBXProject "SubmissionExpert" */;
			developmentRegion = en;
			hasScannedForEncodings = 0;
			knownRegions = (
				en,
				Base,
			);
			mainGroup = 37B6A3F42E767A0900332D91;
			minimizedProjectReferenceProxies = 1;
			packageReferences = (
				37B6A4712E767B1100332D91 /* XCRemoteSwiftPackageReference "Alamofire" */,
				37B6A5652E793AD800332D91 /* XCRemoteSwiftPackageReference "swiftui-cached-async-image" */,
				37189E392E8943E300CFDDFD /* XCRemoteSwiftPackageReference "realm-swift" */,
				37D2FE412E89B14700F07BEB /* XCLocalSwiftPackageReference "Module/Detail" */,
				37842A122E919FD500B5DED5 /* XCLocalSwiftPackageReference "Module/Shared" */,
				37D2C0472EBC490E0026A743 /* XCLocalSwiftPackageReference "Module/Favorite" */,
				3759B9FE2EBD2242004D7ACD /* XCRemoteSwiftPackageReference "Modularization-Core-Package" */,
			);
			preferredProjectObjectVersion = 77;
			productRefGroup = 37B6A3F42E767A0900332D91;
			projectDirPath = "";
			projectRoot = "";
			targets = (
				37B6A3FC2E767A0900332D91 /* SubmissionExpert */,
				37B6A5812E79B80200332D91 /* SubmissionExpertTests */,
			);
		};
/* End PBXProject section */

/* Begin PBXResourcesBuildPhase section */
		37B6A3FB2E767A0900332D91 /* Resources */ = {
			isa = PBXResourcesBuildPhase;
			buildActionMask = 2147483647;
			files = (
				37DD46082E828EF3003AD215 /* codemagic.yaml in Resources */,
				37B6A4B42E76810100332D91 /* .swiftlint.yml in Resources */,
			);
			runOnlyForDeploymentPostprocessing = 0;
		};
		37B6A5802E79B80200332D91 /* Resources */ = {
			isa = PBXResourcesBuildPhase;
			buildActionMask = 2147483647;
			files = (
			);
			runOnlyForDeploymentPostprocessing = 0;
		};
/* End PBXResourcesBuildPhase section */

/* Begin PBXShellScriptBuildPhase section */
		37B6A47C2E7680A300332D91 /* ShellScript */ = {
			isa = PBXShellScriptBuildPhase;
			buildActionMask = 2147483647;
			files = (
			);
			inputFileListPaths = (
			);
			inputPaths = (
			);
			outputFileListPaths = (
			);
			outputPaths = (
			);
			runOnlyForDeploymentPostprocessing = 0;
			shellPath = /bin/sh;
			shellScript = "# Type a script or drag a script file from your workspace to insert its path.\nif [[ \"$(uname -m)\" == arm64 ]]; then\n    export PATH=\"/opt/homebrew/bin:$PATH\"\nfi\n \nif which swiftlint > /dev/null; then\n  swiftlint\nelse\n  echo \"warning: SwiftLint not installed, download from https://github.com/realm/SwiftLint\"\nfi\n";
		};
/* End PBXShellScriptBuildPhase section */

/* Begin PBXSourcesBuildPhase section */
		37B6A3F92E767A0900332D91 /* Sources */ = {
			isa = PBXSourcesBuildPhase;
			buildActionMask = 2147483647;
			files = (
			);
			runOnlyForDeploymentPostprocessing = 0;
		};
		37B6A57E2E79B80200332D91 /* Sources */ = {
			isa = PBXSourcesBuildPhase;
			buildActionMask = 2147483647;
			files = (
			);
			runOnlyForDeploymentPostprocessing = 0;
		};
/* End PBXSourcesBuildPhase section */

/* Begin PBXTargetDependency section */
		37B6A5872E79B80200332D91 /* PBXTargetDependency */ = {
			isa = PBXTargetDependency;
			target = 37B6A3FC2E767A0900332D91 /* SubmissionExpert */;
			targetProxy = 37B6A5862E79B80200332D91 /* PBXContainerItemProxy */;
		};
/* End PBXTargetDependency section */

/* Begin XCBuildConfiguration section */
		37B6A4092E767A0B00332D91 /* Debug */ = {
			isa = XCBuildConfiguration;
			buildSettings = {
				ALWAYS_SEARCH_USER_PATHS = NO;
				ASSETCATALOG_COMPILER_GENERATE_SWIFT_ASSET_SYMBOL_EXTENSIONS = YES;
				CLANG_ANALYZER_NONNULL = YES;
				CLANG_ANALYZER_NUMBER_OBJECT_CONVERSION = YES_AGGRESSIVE;
				CLANG_CXX_LANGUAGE_STANDARD = "gnu++20";
				CLANG_ENABLE_MODULES = YES;
				CLANG_ENABLE_OBJC_ARC = YES;
				CLANG_ENABLE_OBJC_WEAK = YES;
				CLANG_WARN_BLOCK_CAPTURE_AUTORELEASING = YES;
				CLANG_WARN_BOOL_CONVERSION = YES;
				CLANG_WARN_COMMA = YES;
				CLANG_WARN_CONSTANT_CONVERSION = YES;
				CLANG_WARN_DEPRECATED_OBJC_IMPLEMENTATIONS = YES;
				CLANG_WARN_DIRECT_OBJC_ISA_USAGE = YES_ERROR;
				CLANG_WARN_DOCUMENTATION_COMMENTS = YES;
				CLANG_WARN_EMPTY_BODY = YES;
				CLANG_WARN_ENUM_CONVERSION = YES;
				CLANG_WARN_INFINITE_RECURSION = YES;
				CLANG_WARN_INT_CONVERSION = YES;
				CLANG_WARN_NON_LITERAL_NULL_CONVERSION = YES;
				CLANG_WARN_OBJC_IMPLICIT_RETAIN_SELF = YES;
				CLANG_WARN_OBJC_LITERAL_CONVERSION = YES;
				CLANG_WARN_OBJC_ROOT_CLASS = YES_ERROR;
				CLANG_WARN_QUOTED_INCLUDE_IN_FRAMEWORK_HEADER = YES;
				CLANG_WARN_RANGE_LOOP_ANALYSIS = YES;
				CLANG_WARN_STRICT_PROTOTYPES = YES;
				CLANG_WARN_SUSPICIOUS_MOVE = YES;
				CLANG_WARN_UNGUARDED_AVAILABILITY = YES_AGGRESSIVE;
				CLANG_WARN_UNREACHABLE_CODE = YES;
				CLANG_WARN__DUPLICATE_METHOD_MATCH = YES;
				COPY_PHASE_STRIP = NO;
				DEBUG_INFORMATION_FORMAT = dwarf;
				ENABLE_STRICT_OBJC_MSGSEND = YES;
				ENABLE_TESTABILITY = YES;
				ENABLE_USER_SCRIPT_SANDBOXING = YES;
				GCC_C_LANGUAGE_STANDARD = gnu17;
				GCC_DYNAMIC_NO_PIC = NO;
				GCC_NO_COMMON_BLOCKS = YES;
				GCC_OPTIMIZATION_LEVEL = 0;
				GCC_PREPROCESSOR_DEFINITIONS = (
					"DEBUG=1",
					"$(inherited)",
				);
				GCC_WARN_64_TO_32_BIT_CONVERSION = YES;
				GCC_WARN_ABOUT_RETURN_TYPE = YES_ERROR;
				GCC_WARN_UNDECLARED_SELECTOR = YES;
				GCC_WARN_UNINITIALIZED_AUTOS = YES_AGGRESSIVE;
				GCC_WARN_UNUSED_FUNCTION = YES;
				GCC_WARN_UNUSED_VARIABLE = YES;
				IPHONEOS_DEPLOYMENT_TARGET = 18.1;
				LOCALIZATION_PREFERS_STRING_CATALOGS = YES;
				MTL_ENABLE_DEBUG_INFO = INCLUDE_SOURCE;
				MTL_FAST_MATH = YES;
				ONLY_ACTIVE_ARCH = YES;
				SDKROOT = iphoneos;
				STRING_CATALOG_GENERATE_SYMBOLS = YES;
				SWIFT_ACTIVE_COMPILATION_CONDITIONS = "DEBUG $(inherited)";
				SWIFT_OPTIMIZATION_LEVEL = "-Onone";
			};
			name = Debug;
		};
		37B6A40A2E767A0B00332D91 /* Release */ = {
			isa = XCBuildConfiguration;
			buildSettings = {
				ALWAYS_SEARCH_USER_PATHS = NO;
				ASSETCATALOG_COMPILER_GENERATE_SWIFT_ASSET_SYMBOL_EXTENSIONS = YES;
				CLANG_ANALYZER_NONNULL = YES;
				CLANG_ANALYZER_NUMBER_OBJECT_CONVERSION = YES_AGGRESSIVE;
				CLANG_CXX_LANGUAGE_STANDARD = "gnu++20";
				CLANG_ENABLE_MODULES = YES;
				CLANG_ENABLE_OBJC_ARC = YES;
				CLANG_ENABLE_OBJC_WEAK = YES;
				CLANG_WARN_BLOCK_CAPTURE_AUTORELEASING = YES;
				CLANG_WARN_BOOL_CONVERSION = YES;
				CLANG_WARN_COMMA = YES;
				CLANG_WARN_CONSTANT_CONVERSION = YES;
				CLANG_WARN_DEPRECATED_OBJC_IMPLEMENTATIONS = YES;
				CLANG_WARN_DIRECT_OBJC_ISA_USAGE = YES_ERROR;
				CLANG_WARN_DOCUMENTATION_COMMENTS = YES;
				CLANG_WARN_EMPTY_BODY = YES;
				CLANG_WARN_ENUM_CONVERSION = YES;
				CLANG_WARN_INFINITE_RECURSION = YES;
				CLANG_WARN_INT_CONVERSION = YES;
				CLANG_WARN_NON_LITERAL_NULL_CONVERSION = YES;
				CLANG_WARN_OBJC_IMPLICIT_RETAIN_SELF = YES;
				CLANG_WARN_OBJC_LITERAL_CONVERSION = YES;
				CLANG_WARN_OBJC_ROOT_CLASS = YES_ERROR;
				CLANG_WARN_QUOTED_INCLUDE_IN_FRAMEWORK_HEADER = YES;
				CLANG_WARN_RANGE_LOOP_ANALYSIS = YES;
				CLANG_WARN_STRICT_PROTOTYPES = YES;
				CLANG_WARN_SUSPICIOUS_MOVE = YES;
				CLANG_WARN_UNGUARDED_AVAILABILITY = YES_AGGRESSIVE;
				CLANG_WARN_UNREACHABLE_CODE = YES;
				CLANG_WARN__DUPLICATE_METHOD_MATCH = YES;
				COPY_PHASE_STRIP = NO;
				DEBUG_INFORMATION_FORMAT = "dwarf-with-dsym";
				ENABLE_NS_ASSERTIONS = NO;
				ENABLE_STRICT_OBJC_MSGSEND = YES;
				ENABLE_USER_SCRIPT_SANDBOXING = YES;
				GCC_C_LANGUAGE_STANDARD = gnu17;
				GCC_NO_COMMON_BLOCKS = YES;
				GCC_WARN_64_TO_32_BIT_CONVERSION = YES;
				GCC_WARN_ABOUT_RETURN_TYPE = YES_ERROR;
				GCC_WARN_UNDECLARED_SELECTOR = YES;
				GCC_WARN_UNINITIALIZED_AUTOS = YES_AGGRESSIVE;
				GCC_WARN_UNUSED_FUNCTION = YES;
				GCC_WARN_UNUSED_VARIABLE = YES;
				IPHONEOS_DEPLOYMENT_TARGET = 18.1;
				LOCALIZATION_PREFERS_STRING_CATALOGS = YES;
				MTL_ENABLE_DEBUG_INFO = NO;
				MTL_FAST_MATH = YES;
				SDKROOT = iphoneos;
				STRING_CATALOG_GENERATE_SYMBOLS = YES;
				SWIFT_COMPILATION_MODE = wholemodule;
				VALIDATE_PRODUCT = YES;
			};
			name = Release;
		};
		37B6A40C2E767A0B00332D91 /* Debug */ = {
			isa = XCBuildConfiguration;
			buildSettings = {
				ASSETCATALOG_COMPILER_APPICON_NAME = AppIcon;
				ASSETCATALOG_COMPILER_GLOBAL_ACCENT_COLOR_NAME = AccentColor;
				CODE_SIGN_STYLE = Automatic;
				CURRENT_PROJECT_VERSION = 1;
				DEVELOPMENT_ASSET_PATHS = "\"submissionExpert/Preview Content\"";
				ENABLE_PREVIEWS = YES;
				ENABLE_USER_SCRIPT_SANDBOXING = NO;
				GENERATE_INFOPLIST_FILE = YES;
				INFOPLIST_KEY_UIApplicationSceneManifest_Generation = YES;
				INFOPLIST_KEY_UIApplicationSupportsIndirectInputEvents = YES;
				INFOPLIST_KEY_UILaunchScreen_Generation = YES;
				INFOPLIST_KEY_UISupportedInterfaceOrientations_iPad = "UIInterfaceOrientationPortrait UIInterfaceOrientationPortraitUpsideDown UIInterfaceOrientationLandscapeLeft UIInterfaceOrientationLandscapeRight";
				INFOPLIST_KEY_UISupportedInterfaceOrientations_iPhone = "UIInterfaceOrientationPortrait UIInterfaceOrientationLandscapeLeft UIInterfaceOrientationLandscapeRight";
				LD_RUNPATH_SEARCH_PATHS = (
					"$(inherited)",
					"@executable_path/Frameworks",
				);
				MARKETING_VERSION = 1.0;
				PRODUCT_BUNDLE_IDENTIFIER = com.modtion.submissionExpert;
				PRODUCT_NAME = "$(TARGET_NAME)";
				SWIFT_EMIT_LOC_STRINGS = YES;
				SWIFT_VERSION = 5.0;
				TARGETED_DEVICE_FAMILY = "1,2";
			};
			name = Debug;
		};
		37B6A40D2E767A0B00332D91 /* Release */ = {
			isa = XCBuildConfiguration;
			buildSettings = {
				ASSETCATALOG_COMPILER_APPICON_NAME = AppIcon;
				ASSETCATALOG_COMPILER_GLOBAL_ACCENT_COLOR_NAME = AccentColor;
				CODE_SIGN_STYLE = Automatic;
				CURRENT_PROJECT_VERSION = 1;
				DEVELOPMENT_ASSET_PATHS = "\"submissionExpert/Preview Content\"";
				ENABLE_PREVIEWS = YES;
				ENABLE_USER_SCRIPT_SANDBOXING = NO;
				GENERATE_INFOPLIST_FILE = YES;
				INFOPLIST_KEY_UIApplicationSceneManifest_Generation = YES;
				INFOPLIST_KEY_UIApplicationSupportsIndirectInputEvents = YES;
				INFOPLIST_KEY_UILaunchScreen_Generation = YES;
				INFOPLIST_KEY_UISupportedInterfaceOrientations_iPad = "UIInterfaceOrientationPortrait UIInterfaceOrientationPortraitUpsideDown UIInterfaceOrientationLandscapeLeft UIInterfaceOrientationLandscapeRight";
				INFOPLIST_KEY_UISupportedInterfaceOrientations_iPhone = "UIInterfaceOrientationPortrait UIInterfaceOrientationLandscapeLeft UIInterfaceOrientationLandscapeRight";
				LD_RUNPATH_SEARCH_PATHS = (
					"$(inherited)",
					"@executable_path/Frameworks",
				);
				MARKETING_VERSION = 1.0;
				PRODUCT_BUNDLE_IDENTIFIER = com.modtion.submissionExpert;
				PRODUCT_NAME = "$(TARGET_NAME)";
				SWIFT_EMIT_LOC_STRINGS = YES;
				SWIFT_VERSION = 5.0;
				TARGETED_DEVICE_FAMILY = "1,2";
			};
			name = Release;
		};
		37B6A5892E79B80200332D91 /* Debug */ = {
			isa = XCBuildConfiguration;
			buildSettings = {
				BUNDLE_LOADER = "$(TEST_HOST)";
				CODE_SIGN_STYLE = Automatic;
				CURRENT_PROJECT_VERSION = 1;
				GENERATE_INFOPLIST_FILE = YES;
				MARKETING_VERSION = 1.0;
				PRODUCT_BUNDLE_IDENTIFIER = com.modtion.SubmissionExpertTests;
				PRODUCT_NAME = "$(TARGET_NAME)";
				SWIFT_EMIT_LOC_STRINGS = NO;
				SWIFT_VERSION = 5.0;
				TARGETED_DEVICE_FAMILY = "1,2";
				TEST_HOST = "$(BUILT_PRODUCTS_DIR)/SubmissionExpert.app/$(BUNDLE_EXECUTABLE_FOLDER_PATH)/SubmissionExpert";
			};
			name = Debug;
		};
		37B6A58A2E79B80200332D91 /* Release */ = {
			isa = XCBuildConfiguration;
			buildSettings = {
				BUNDLE_LOADER = "$(TEST_HOST)";
				CODE_SIGN_STYLE = Automatic;
				CURRENT_PROJECT_VERSION = 1;
				GENERATE_INFOPLIST_FILE = YES;
				MARKETING_VERSION = 1.0;
				PRODUCT_BUNDLE_IDENTIFIER = com.modtion.SubmissionExpertTests;
				PRODUCT_NAME = "$(TARGET_NAME)";
				SWIFT_EMIT_LOC_STRINGS = NO;
				SWIFT_VERSION = 5.0;
				TARGETED_DEVICE_FAMILY = "1,2";
				TEST_HOST = "$(BUILT_PRODUCTS_DIR)/SubmissionExpert.app/$(BUNDLE_EXECUTABLE_FOLDER_PATH)/SubmissionExpert";
			};
			name = Release;
		};
/* End XCBuildConfiguration section */

/* Begin XCConfigurationList section */
		37B6A3F82E767A0900332D91 /* Build configuration list for PBXProject "SubmissionExpert" */ = {
			isa = XCConfigurationList;
			buildConfigurations = (
				37B6A4092E767A0B00332D91 /* Debug */,
				37B6A40A2E767A0B00332D91 /* Release */,
			);
			defaultConfigurationIsVisible = 0;
			defaultConfigurationName = Release;
		};
		37B6A40B2E767A0B00332D91 /* Build configuration list for PBXNativeTarget "SubmissionExpert" */ = {
			isa = XCConfigurationList;
			buildConfigurations = (
				37B6A40C2E767A0B00332D91 /* Debug */,
				37B6A40D2E767A0B00332D91 /* Release */,
			);
			defaultConfigurationIsVisible = 0;
			defaultConfigurationName = Release;
		};
		37B6A5882E79B80200332D91 /* Build configuration list for PBXNativeTarget "SubmissionExpertTests" */ = {
			isa = XCConfigurationList;
			buildConfigurations = (
				37B6A5892E79B80200332D91 /* Debug */,
				37B6A58A2E79B80200332D91 /* Release */,
			);
			defaultConfigurationIsVisible = 0;
			defaultConfigurationName = Release;
		};
/* End XCConfigurationList section */

/* Begin XCLocalSwiftPackageReference section */
		37842A122E919FD500B5DED5 /* XCLocalSwiftPackageReference "Module/Shared" */ = {
			isa = XCLocalSwiftPackageReference;
			relativePath = Module/Shared;
		};
		37D2C0472EBC490E0026A743 /* XCLocalSwiftPackageReference "Module/Favorite" */ = {
			isa = XCLocalSwiftPackageReference;
			relativePath = Module/Favorite;
		};
		37D2FE412E89B14700F07BEB /* XCLocalSwiftPackageReference "Module/Detail" */ = {
			isa = XCLocalSwiftPackageReference;
			relativePath = Module/Detail;
		};
/* End XCLocalSwiftPackageReference section */

/* Begin XCRemoteSwiftPackageReference section */
		37189E392E8943E300CFDDFD /* XCRemoteSwiftPackageReference "realm-swift" */ = {
			isa = XCRemoteSwiftPackageReference;
			repositoryURL = "https://github.com/realm/realm-swift";
			requirement = {
				branch = master;
				kind = branch;
			};
		};
		3759B9FE2EBD2242004D7ACD /* XCRemoteSwiftPackageReference "Modularization-Core-Package" */ = {
			isa = XCRemoteSwiftPackageReference;
			repositoryURL = "https://github.com/dimasoktanugraha/Modularization-Core-Package.git";
			requirement = {
				kind = upToNextMajorVersion;
				minimumVersion = 1.0.0;
			};
		};
		37B6A4712E767B1100332D91 /* XCRemoteSwiftPackageReference "Alamofire" */ = {
			isa = XCRemoteSwiftPackageReference;
			repositoryURL = "https://github.com/Alamofire/Alamofire";
			requirement = {
				kind = upToNextMajorVersion;
				minimumVersion = 5.10.2;
			};
		};
		37B6A5652E793AD800332D91 /* XCRemoteSwiftPackageReference "swiftui-cached-async-image" */ = {
			isa = XCRemoteSwiftPackageReference;
			repositoryURL = "https://github.com/lorenzofiamingo/swiftui-cached-async-image";
			requirement = {
				kind = upToNextMajorVersion;
				minimumVersion = 2.1.1;
			};
		};
/* End XCRemoteSwiftPackageReference section */

/* Begin XCSwiftPackageProductDependency section */
		37189E3A2E8943E300CFDDFD /* RealmSwift */ = {
			isa = XCSwiftPackageProductDependency;
			package = 37189E392E8943E300CFDDFD /* XCRemoteSwiftPackageReference "realm-swift" */;
			productName = RealmSwift;
		};
		3759B9852EBC4A5E004D7ACD /* Favorite */ = {
			isa = XCSwiftPackageProductDependency;
			productName = Favorite;
		};
		37842A132E919FEF00B5DED5 /* Detail */ = {
			isa = XCSwiftPackageProductDependency;
			package = 37D2FE412E89B14700F07BEB /* XCLocalSwiftPackageReference "Module/Detail" */;
			productName = Detail;
		};
		37B6A4722E767B1100332D91 /* Alamofire */ = {
			isa = XCSwiftPackageProductDependency;
			package = 37B6A4712E767B1100332D91 /* XCRemoteSwiftPackageReference "Alamofire" */;
			productName = Alamofire;
		};
		37B6A5662E793AD800332D91 /* CachedAsyncImage */ = {
			isa = XCSwiftPackageProductDependency;
			package = 37B6A5652E793AD800332D91 /* XCRemoteSwiftPackageReference "swiftui-cached-async-image" */;
			productName = CachedAsyncImage;
		};
		37D2BFBF2EBA68110026A743 /* Shared */ = {
			isa = XCSwiftPackageProductDependency;
			productName = Shared;
		};
/* End XCSwiftPackageProductDependency section */
	};
	rootObject = 37B6A3F52E767A0900332D91 /* Project object */;
}
